github.com/exgamer/gosdk-core v1.0.15 h1:Co7qO3rXFg62QPKcnytEP01cAQHYNg/GHrZHO2zhWa0=
github.com/exgamer/gosdk-core v1.0.15/go.mod h1:WkPgoai+hn2uTN4tsTnDl/i5Ux57PrjqVolrOtFNO4k=
github.com/gookit/goutil v0.7.3 h1:nXDd/AB17nEjqVCNDGioDhVL/gVqdlqRMfFergKDjHE=
github.com/gookit/goutil v0.7.3/go.mod h1:vJS9HXctYTCLtCsZot5L5xF+O1oR17cDYO9R0HxBmnU=
github.com/motemen/go-loghttp v0.0.0-20231107055348-29ae44b293f4 h1:WLWwzjax2/L5NAQul9bdk1EAP0+YGnAzJBJ/LzL8Dgs=
github.com/motemen/go-loghttp v0.0.0-20231107055348-29ae44b293f4/go.mod h1:ykaRC7b5xKciHTUFZ60bbsOojQAkCmmehBNbBWeIz1Y=
github.com/motemen/go-nuts v0.0.0-20251105153347-936c09797748 h1:vVFTAj0Deq3mkwUPtRfaWnFYQWRkuidEK/80DH6jrc4=
github.com/motemen/go-nuts v0.0.0-20251105153347-936c09797748/go.mod h1:+OfpharXpaDk6xzLtfZdq0UJH+2tY/U/RhRznDMhk7E=
